{
  "name": "lpr-backend",
  "version": "1.0.0",
  "lockfileVersion": 2,
  "requires": true,
  "packages": {
    "": {
      "name": "lpr-backend",
      "version": "1.0.0",
      "dependencies": {
        "axios": "^1.6.8",
        "cors": "^2.8.5",
        "express": "^4.18.2",
        "socket.io": "^4.8.1"
      }
    },
    "node_modules/axios": {
      "version": "1.6.8",
      "resolved": "https://registry.npmjs.org/axios/-/axios-1.6.8.tgz",
      "integrity": "sha512-9RlpjMQUVhJg5KBD6tnV5gBzgoRtwUOugjMCRu6ZSkfCdCHom0vO4D0zw3xJzC1XzIlF5b4DN0i3/M0k+DSjMQ==",
      "dependencies": {
        "follow-redirects": "^1.15.0",
        "form-data": "^4.0.0",
        "proxy-from-env": "^1.1.0"
      }
    },
    "node_modules/cors": {
      "version": "2.8.5",
      "resolved": "https://registry.npmjs.org/cors/-/cors-2.8.5.tgz",
      "integrity": "sha512-HJ2leLX5u+3Rs8sUbNj3unGvugM2xqJFa+w4ujgfMLozWLd6tviCUEwS4Bslp5z3PvZ4U3Bk7RfbvZVUGTT13g=="
    },
    "node_modules/express": {
      "version": "4.18.2",
      "resolved": "https://registry.npmjs.org/express/-/express-4.18.2.tgz",
      "integrity": "sha512-...",
      "dependencies": {
        "accepts": "~1.3.5",
        "array-flatten": "1.1.1",
        "body-parser": "1.20.2",
        "content-disposition": "0.5.4",
        "cookie": "0.5.0",
        "debug": "2.6.9",
        "send": "0.18.0"
      }
    },
    "node_modules/socket.io": {
      "version": "4.8.1",
      "resolved": "https://registry.npmjs.org/socket.io/-/socket.io-4.8.1.tgz",
      "integrity": "sha512-...",
      "dependencies": {
        "debug": "^4.3.4",
        "engine.io": "~6.5.1"
      }
    },
    "node_modules/follow-redirects": {
      "version": "1.15.6",
      "resolved": "https://registry.npmjs.org/follow-redirects/-/follow-redirects-1.15.6.tgz",
      "integrity": "sha512-DLrBjMNCKSIkFdsq0etnOGB7O7CJXtRxekggqu15XZ2XbbtRixr+qbn3Vn6HTKMDR6mJhZElzEXZVUUMbCFSBA=="
    },
    "node_modules/form-data": {
      "version": "4.0.0",
      "resolved": "https://registry.npmjs.org/form-data/-/form-data-4.0.0.tgz",
      "integrity": "sha512-6lDWTf60b7ftkA/2PVK1b0NDvxrg4sm5EGKzAQXqZQm1dyS8bKDZ5K2A9duJKOCzIWIEa0GbXCE1zE/poa1mFg=="
    },
    "node_modules/proxy-from-env": {
      "version": "1.1.0",
      "resolved": "https://registry.npmjs.org/proxy-from-env/-/proxy-from-env-1.1.0.tgz",
      "integrity": "sha512-...=="
    }
  },
  "dependencies": {
    "axios": {
      "version": "1.6.8",
      "resolved": "https://registry.npmjs.org/axios/-/axios-1.6.8.tgz",
      "integrity": "sha512-9RlpjMQUVhJg5KBD6tnV5gBzgoRtwUOugjMCRu6ZSkfCdCHom0vO4D0zw3xJzC1XzIlF5b4DN0i3/M0k+DSjMQ=="
    },
    "cors": {
      "version": "2.8.5",
      "resolved": "https://registry.npmjs.org/cors/-/cors-2.8.5.tgz",
      "integrity": "sha512-HJ2leLX5u+3Rs8sUbNj3unGvugM2xqJFa+w4ujgfMLozWLd6tviCUEwS4Bslp5z3PvZ4U3Bk7RfbvZVUGTT13g=="
    },
    "express": {
      "version": "4.18.2",
      "resolved": "https://registry.npmjs.org/express/-/express-4.18.2.tgz",
      "integrity": "sha512-..."
    },
    "socket.io": {
      "version": "4.8.1",
      "resolved": "https://registry.npmjs.org/socket.io/-/socket.io-4.8.1.tgz",
      "integrity": "sha512-..."
    }
  }
}
